
Microsoft Visual Studio Solution File, Format Version 12.00
# Visual Studio 15
VisualStudioVersion = 15.0.27703.2047
MinimumVisualStudioVersion = 10.0.40219.1
Project("{FAE04EC0-301F-11D3-BF4B-00C04F79EFBC}") = "Xadrez", "Xadrez\Xadrez.csproj", "{B6F8AB9A-FEEA-4539-BC74-A0CB271B85D1}"
EndProject
Global
	GlobalSection(SolutionConfigurationPlatforms) = preSolution
		Debug|Any CPU = Debug|Any CPU
		Release|Any CPU = Release|Any CPU
	EndGlobalSection
	GlobalSection(ProjectConfigurationPlatforms) = postSolution
		{B6F8AB9A-FEEA-4539-BC74-A0CB271B85D1}.Debug|Any CPU.ActiveCfg = Debug|Any CPU
		{B6F8AB9A-FEEA-4539-BC74-A0CB271B85D1}.Debug|Any CPU.Build.0 = Debug|Any CPU
		{B6F8AB9A-FEEA-4539-BC74-A0CB271B85D1}.Release|Any CPU.ActiveCfg = Release|Any CPU
		{B6F8AB9A-FEEA-4539-BC74-A0CB271B85D1}.Release|Any CPU.Build.0 = Release|Any CPU
	EndGlobalSection
	GlobalSection(SolutionProperties) = preSolution
		HideSolutionNode = FALSE
	EndGlobalSection
	GlobalSection(ExtensibilityGlobals) = postSolution
		SolutionGuid = {FC139A7B-B125-4AC4-B51A-6B74A2B091D7}
	EndGlobalSection
EndGlobal
